
Microsoft Visual Studio Solution File, Format Version 12.00
# Visual Studio Version 17
VisualStudioVersion = 17.0.31903.59
MinimumVisualStudioVersion = 10.0.40219.1
Project("{2150E333-8FDC-42A3-9474-1A3956D46DE8}") = "src", "src", "{827E0CD3-B72D-47B6-A68D-7590B98EB39B}"
EndProject
Project("{FAE04EC0-301F-11D3-BF4B-00C04F79EFBC}") = "M1.Domain", "src\M1.Domain\M1.Domain.csproj", "{F7B39FB1-5498-4AB4-8267-F778BBD80F3F}"
EndProject
Project("{FAE04EC0-301F-11D3-BF4B-00C04F79EFBC}") = "M1.Application", "src\M1.Application\M1.Application.csproj", "{3B702E06-9BB6-4BB2-9760-8075BC008258}"
EndProject
Project("{FAE04EC0-301F-11D3-BF4B-00C04F79EFBC}") = "M1.Infrastructure", "src\M1.Infrastructure\M1.Infrastructure.csproj", "{AA5539E2-4E4D-4A3A-957F-66CAB4C3B225}"
EndProject
Project("{FAE04EC0-301F-11D3-BF4B-00C04F79EFBC}") = "M1.Api", "src\M1.Api\M1.Api.csproj", "{6F43C17B-3B56-48FA-A4CC-01493622FD7B}"
EndProject
Project("{FAE04EC0-301F-11D3-BF4B-00C04F79EFBC}") = "M1.Tests", "tests\M1.Tests\M1.Tests.csproj", "{E634BD34-5E38-4FE2-A4B9-268C7D7AB255}"
EndProject
Global
	GlobalSection(SolutionConfigurationPlatforms) = preSolution
		Debug|Any CPU = Debug|Any CPU
		Debug|x64 = Debug|x64
		Debug|x86 = Debug|x86
		Release|Any CPU = Release|Any CPU
		Release|x64 = Release|x64
		Release|x86 = Release|x86
	EndGlobalSection
	GlobalSection(ProjectConfigurationPlatforms) = postSolution
		{F7B39FB1-5498-4AB4-8267-F778BBD80F3F}.Debug|Any CPU.ActiveCfg = Debug|Any CPU
		{F7B39FB1-5498-4AB4-8267-F778BBD80F3F}.Debug|Any CPU.Build.0 = Debug|Any CPU
		{F7B39FB1-5498-4AB4-8267-F778BBD80F3F}.Debug|x64.ActiveCfg = Debug|Any CPU
		{F7B39FB1-5498-4AB4-8267-F778BBD80F3F}.Debug|x64.Build.0 = Debug|Any CPU
		{F7B39FB1-5498-4AB4-8267-F778BBD80F3F}.Debug|x86.ActiveCfg = Debug|Any CPU
		{F7B39FB1-5498-4AB4-8267-F778BBD80F3F}.Debug|x86.Build.0 = Debug|Any CPU
		{F7B39FB1-5498-4AB4-8267-F778BBD80F3F}.Release|Any CPU.ActiveCfg = Release|Any CPU
		{F7B39FB1-5498-4AB4-8267-F778BBD80F3F}.Release|Any CPU.Build.0 = Release|Any CPU
		{F7B39FB1-5498-4AB4-8267-F778BBD80F3F}.Release|x64.ActiveCfg = Release|Any CPU
		{F7B39FB1-5498-4AB4-8267-F778BBD80F3F}.Release|x64.Build.0 = Release|Any CPU
		{F7B39FB1-5498-4AB4-8267-F778BBD80F3F}.Release|x86.ActiveCfg = Release|Any CPU
		{F7B39FB1-5498-4AB4-8267-F778BBD80F3F}.Release|x86.Build.0 = Release|Any CPU
		{3B702E06-9BB6-4BB2-9760-8075BC008258}.Debug|Any CPU.ActiveCfg = Debug|Any CPU
		{3B702E06-9BB6-4BB2-9760-8075BC008258}.Debug|Any CPU.Build.0 = Debug|Any CPU
		{3B702E06-9BB6-4BB2-9760-8075BC008258}.Debug|x64.ActiveCfg = Debug|Any CPU
		{3B702E06-9BB6-4BB2-9760-8075BC008258}.Debug|x64.Build.0 = Debug|Any CPU
		{3B702E06-9BB6-4BB2-9760-8075BC008258}.Debug|x86.ActiveCfg = Debug|Any CPU
		{3B702E06-9BB6-4BB2-9760-8075BC008258}.Debug|x86.Build.0 = Debug|Any CPU
		{3B702E06-9BB6-4BB2-9760-8075BC008258}.Release|Any CPU.ActiveCfg = Release|Any CPU
		{3B702E06-9BB6-4BB2-9760-8075BC008258}.Release|Any CPU.Build.0 = Release|Any CPU
		{3B702E06-9BB6-4BB2-9760-8075BC008258}.Release|x64.ActiveCfg = Release|Any CPU
		{3B702E06-9BB6-4BB2-9760-8075BC008258}.Release|x64.Build.0 = Release|Any CPU
		{3B702E06-9BB6-4BB2-9760-8075BC008258}.Release|x86.ActiveCfg = Release|Any CPU
		{3B702E06-9BB6-4BB2-9760-8075BC008258}.Release|x86.Build.0 = Release|Any CPU
		{AA5539E2-4E4D-4A3A-957F-66CAB4C3B225}.Debug|Any CPU.ActiveCfg = Debug|Any CPU
		{AA5539E2-4E4D-4A3A-957F-66CAB4C3B225}.Debug|Any CPU.Build.0 = Debug|Any CPU
		{AA5539E2-4E4D-4A3A-957F-66CAB4C3B225}.Debug|x64.ActiveCfg = Debug|Any CPU
		{AA5539E2-4E4D-4A3A-957F-66CAB4C3B225}.Debug|x64.Build.0 = Debug|Any CPU
		{AA5539E2-4E4D-4A3A-957F-66CAB4C3B225}.Debug|x86.ActiveCfg = Debug|Any CPU
		{AA5539E2-4E4D-4A3A-957F-66CAB4C3B225}.Debug|x86.Build.0 = Debug|Any CPU
		{AA5539E2-4E4D-4A3A-957F-66CAB4C3B225}.Release|Any CPU.ActiveCfg = Release|Any CPU
		{AA5539E2-4E4D-4A3A-957F-66CAB4C3B225}.Release|Any CPU.Build.0 = Release|Any CPU
		{AA5539E2-4E4D-4A3A-957F-66CAB4C3B225}.Release|x64.ActiveCfg = Release|Any CPU
		{AA5539E2-4E4D-4A3A-957F-66CAB4C3B225}.Release|x64.Build.0 = Release|Any CPU
		{AA5539E2-4E4D-4A3A-957F-66CAB4C3B225}.Release|x86.ActiveCfg = Release|Any CPU
		{AA5539E2-4E4D-4A3A-957F-66CAB4C3B225}.Release|x86.Build.0 = Release|Any CPU
		{6F43C17B-3B56-48FA-A4CC-01493622FD7B}.Debug|Any CPU.ActiveCfg = Debug|Any CPU
		{6F43C17B-3B56-48FA-A4CC-01493622FD7B}.Debug|Any CPU.Build.0 = Debug|Any CPU
		{6F43C17B-3B56-48FA-A4CC-01493622FD7B}.Debug|x64.ActiveCfg = Debug|Any CPU
		{6F43C17B-3B56-48FA-A4CC-01493622FD7B}.Debug|x64.Build.0 = Debug|Any CPU
		{6F43C17B-3B56-48FA-A4CC-01493622FD7B}.Debug|x86.ActiveCfg = Debug|Any CPU
		{6F43C17B-3B56-48FA-A4CC-01493622FD7B}.Debug|x86.Build.0 = Debug|Any CPU
		{6F43C17B-3B56-48FA-A4CC-01493622FD7B}.Release|Any CPU.ActiveCfg = Release|Any CPU
		{6F43C17B-3B56-48FA-A4CC-01493622FD7B}.Release|Any CPU.Build.0 = Release|Any CPU
		{6F43C17B-3B56-48FA-A4CC-01493622FD7B}.Release|x64.ActiveCfg = Release|Any CPU
		{6F43C17B-3B56-48FA-A4CC-01493622FD7B}.Release|x64.Build.0 = Release|Any CPU
		{6F43C17B-3B56-48FA-A4CC-01493622FD7B}.Release|x86.ActiveCfg = Release|Any CPU
		{6F43C17B-3B56-48FA-A4CC-01493622FD7B}.Release|x86.Build.0 = Release|Any CPU
		{E634BD34-5E38-4FE2-A4B9-268C7D7AB255}.Debug|Any CPU.ActiveCfg = Debug|Any CPU
		{E634BD34-5E38-4FE2-A4B9-268C7D7AB255}.Debug|Any CPU.Build.0 = Debug|Any CPU
		{E634BD34-5E38-4FE2-A4B9-268C7D7AB255}.Debug|x64.ActiveCfg = Debug|Any CPU
		{E634BD34-5E38-4FE2-A4B9-268C7D7AB255}.Debug|x64.Build.0 = Debug|Any CPU
		{E634BD34-5E38-4FE2-A4B9-268C7D7AB255}.Debug|x86.ActiveCfg = Debug|Any CPU
		{E634BD34-5E38-4FE2-A4B9-268C7D7AB255}.Debug|x86.Build.0 = Debug|Any CPU
		{E634BD34-5E38-4FE2-A4B9-268C7D7AB255}.Release|Any CPU.ActiveCfg = Release|Any CPU
		{E634BD34-5E38-4FE2-A4B9-268C7D7AB255}.Release|Any CPU.Build.0 = Release|Any CPU
		{E634BD34-5E38-4FE2-A4B9-268C7D7AB255}.Release|x64.ActiveCfg = Release|Any CPU
		{E634BD34-5E38-4FE2-A4B9-268C7D7AB255}.Release|x64.Build.0 = Release|Any CPU
		{E634BD34-5E38-4FE2-A4B9-268C7D7AB255}.Release|x86.ActiveCfg = Release|Any CPU
		{E634BD34-5E38-4FE2-A4B9-268C7D7AB255}.Release|x86.Build.0 = Release|Any CPU
	EndGlobalSection
	GlobalSection(SolutionProperties) = preSolution
		HideSolutionNode = FALSE
	EndGlobalSection
	GlobalSection(NestedProjects) = preSolution
		{F7B39FB1-5498-4AB4-8267-F778BBD80F3F} = {827E0CD3-B72D-47B6-A68D-7590B98EB39B}
		{3B702E06-9BB6-4BB2-9760-8075BC008258} = {827E0CD3-B72D-47B6-A68D-7590B98EB39B}
		{AA5539E2-4E4D-4A3A-957F-66CAB4C3B225} = {827E0CD3-B72D-47B6-A68D-7590B98EB39B}
		{6F43C17B-3B56-48FA-A4CC-01493622FD7B} = {827E0CD3-B72D-47B6-A68D-7590B98EB39B}
		{E634BD34-5E38-4FE2-A4B9-268C7D7AB255} = {827E0CD3-B72D-47B6-A68D-7590B98EB39B}
	EndGlobalSection
EndGlobal
